
Microsoft Visual Studio Solution File, Format Version 12.00
# Visual Studio 14
VisualStudioVersion = 14.0.25123.0
MinimumVisualStudioVersion = 10.0.40219.1
Project("{FAE04EC0-301F-11D3-BF4B-00C04F79EFBC}") = "Quizzz", "Quizzz\Quizzz.csproj", "{2795C373-BFFF-4A16-8711-A7467C2A6D31}"
EndProject
Project("{FAE04EC0-301F-11D3-BF4B-00C04F79EFBC}") = "Quizzz.Tests", "Quizzz.Tests\Quizzz.Tests.csproj", "{5CBCB2BA-B77A-4268-9268-C0520B40530B}"
EndProject
Global
	GlobalSection(SolutionConfigurationPlatforms) = preSolution
		Debug|Any CPU = Debug|Any CPU
		Release|Any CPU = Release|Any CPU
	EndGlobalSection
	GlobalSection(ProjectConfigurationPlatforms) = postSolution
		{2795C373-BFFF-4A16-8711-A7467C2A6D31}.Debug|Any CPU.ActiveCfg = Debug|Any CPU
		{2795C373-BFFF-4A16-8711-A7467C2A6D31}.Debug|Any CPU.Build.0 = Debug|Any CPU
		{2795C373-BFFF-4A16-8711-A7467C2A6D31}.Release|Any CPU.ActiveCfg = Release|Any CPU
		{2795C373-BFFF-4A16-8711-A7467C2A6D31}.Release|Any CPU.Build.0 = Release|Any CPU
		{5CBCB2BA-B77A-4268-9268-C0520B40530B}.Debug|Any CPU.ActiveCfg = Debug|Any CPU
		{5CBCB2BA-B77A-4268-9268-C0520B40530B}.Debug|Any CPU.Build.0 = Debug|Any CPU
		{5CBCB2BA-B77A-4268-9268-C0520B40530B}.Release|Any CPU.ActiveCfg = Release|Any CPU
		{5CBCB2BA-B77A-4268-9268-C0520B40530B}.Release|Any CPU.Build.0 = Release|Any CPU
	EndGlobalSection
	GlobalSection(SolutionProperties) = preSolution
		HideSolutionNode = FALSE
	EndGlobalSection
EndGlobal
