
Microsoft Visual Studio Solution File, Format Version 12.00
# Visual Studio 14
VisualStudioVersion = 14.0.25420.1
MinimumVisualStudioVersion = 10.0.40219.1
Project("{8BB2217D-0F2D-49D1-97BC-3654ED321F3B}") = "QuizzzClient.Web", "QuizzzClient.Web\QuizzzClient.Web.xproj", "{1857EFBD-25E1-4B76-968E-E886C909974F}"
EndProject
Project("{8BB2217D-0F2D-49D1-97BC-3654ED321F3B}") = "QuizzzClient.Entities", "QuizzzClient.Entities\QuizzzClient.Entities.xproj", "{3BC97B00-CA52-4B4B-8830-9D911BB07B34}"
EndProject
Project("{8BB2217D-0F2D-49D1-97BC-3654ED321F3B}") = "QuizzzClient.DataAccess", "DataAccess\QuizzzClient.DataAccess.xproj", "{10B3062A-4705-4A90-ADB6-B95D762B9D9D}"
EndProject
Project("{8BB2217D-0F2D-49D1-97BC-3654ED321F3B}") = "QuizzzClient.Tests", "QuizzzClient.Tests\QuizzzClient.Tests.xproj", "{CBB15E83-ABBC-49CE-BD6B-E472918E40BE}"
EndProject
Global
	GlobalSection(SolutionConfigurationPlatforms) = preSolution
		Debug|Any CPU = Debug|Any CPU
		Release|Any CPU = Release|Any CPU
	EndGlobalSection
	GlobalSection(ProjectConfigurationPlatforms) = postSolution
		{1857EFBD-25E1-4B76-968E-E886C909974F}.Debug|Any CPU.ActiveCfg = Debug|Any CPU
		{1857EFBD-25E1-4B76-968E-E886C909974F}.Debug|Any CPU.Build.0 = Debug|Any CPU
		{1857EFBD-25E1-4B76-968E-E886C909974F}.Release|Any CPU.ActiveCfg = Release|Any CPU
		{1857EFBD-25E1-4B76-968E-E886C909974F}.Release|Any CPU.Build.0 = Release|Any CPU
		{3BC97B00-CA52-4B4B-8830-9D911BB07B34}.Debug|Any CPU.ActiveCfg = Debug|Any CPU
		{3BC97B00-CA52-4B4B-8830-9D911BB07B34}.Debug|Any CPU.Build.0 = Debug|Any CPU
		{3BC97B00-CA52-4B4B-8830-9D911BB07B34}.Release|Any CPU.ActiveCfg = Release|Any CPU
		{3BC97B00-CA52-4B4B-8830-9D911BB07B34}.Release|Any CPU.Build.0 = Release|Any CPU
		{10B3062A-4705-4A90-ADB6-B95D762B9D9D}.Debug|Any CPU.ActiveCfg = Debug|Any CPU
		{10B3062A-4705-4A90-ADB6-B95D762B9D9D}.Debug|Any CPU.Build.0 = Debug|Any CPU
		{10B3062A-4705-4A90-ADB6-B95D762B9D9D}.Release|Any CPU.ActiveCfg = Release|Any CPU
		{10B3062A-4705-4A90-ADB6-B95D762B9D9D}.Release|Any CPU.Build.0 = Release|Any CPU
		{CBB15E83-ABBC-49CE-BD6B-E472918E40BE}.Debug|Any CPU.ActiveCfg = Debug|Any CPU
		{CBB15E83-ABBC-49CE-BD6B-E472918E40BE}.Debug|Any CPU.Build.0 = Debug|Any CPU
		{CBB15E83-ABBC-49CE-BD6B-E472918E40BE}.Release|Any CPU.ActiveCfg = Release|Any CPU
		{CBB15E83-ABBC-49CE-BD6B-E472918E40BE}.Release|Any CPU.Build.0 = Release|Any CPU
	EndGlobalSection
	GlobalSection(SolutionProperties) = preSolution
		HideSolutionNode = FALSE
	EndGlobalSection
EndGlobal
